{
  "name": "esbuild.github.io",
  "lockfileVersion": 2,
  "requires": true,
  "packages": {
    "": {
      "dependencies": {
        "esbuild": "0.19.9",
        "fast-watch": "1.0.0",
        "highlight.js": "10.4.1",
        "js-yaml": "3.14.0",
        "markdown-it": "12.3.2",
        "polywasm": "0.1.1"
      }
    },
    "node_modules/@esbuild/android-arm": {
      "version": "0.19.9",
      "resolved": "https://registry.npmjs.org/@esbuild/android-arm/-/android-arm-0.19.9.tgz",
      "integrity": "sha512-jkYjjq7SdsWuNI6b5quymW0oC83NN5FdRPuCbs9HZ02mfVdAP8B8eeqLSYU3gb6OJEaY5CQabtTFbqBf26H3GA==",
      "cpu": [
        "arm"
      ],
      "optional": true,
      "os": [
        "android"
      ],
      "engines": {
        "node": ">=12"
      }
    },
    "node_modules/@esbuild/android-arm64": {
      "version": "0.19.9",
      "resolved": "https://registry.npmjs.org/@esbuild/android-arm64/-/android-arm64-0.19.9.tgz",
      "integrity": "sha512-q4cR+6ZD0938R19MyEW3jEsMzbb/1rulLXiNAJQADD/XYp7pT+rOS5JGxvpRW8dFDEfjW4wLgC/3FXIw4zYglQ==",
      "cpu": [
        "arm64"
      ],
      "optional": true,
      "os": [
        "android"
      ],
      "engines": {
        "node": ">=12"
      }
    },
    "node_modules/@esbuild/android-x64": {
      "version": "0.19.9",
      "resolved": "https://registry.npmjs.org/@esbuild/android-x64/-/android-x64-0.19.9.tgz",
      "integrity": "sha512-KOqoPntWAH6ZxDwx1D6mRntIgZh9KodzgNOy5Ebt9ghzffOk9X2c1sPwtM9P+0eXbefnDhqYfkh5PLP5ULtWFA==",
      "cpu": [
        "x64"
      ],
      "optional": true,
      "os": [
        "android"
      ],
      "engines": {
        "node": ">=12"
      }
    },
    "node_modules/@esbuild/darwin-arm64": {
      "version": "0.19.9",
      "resolved": "https://registry.npmjs.org/@esbuild/darwin-arm64/-/darwin-arm64-0.19.9.tgz",
      "integrity": "sha512-KBJ9S0AFyLVx2E5D8W0vExqRW01WqRtczUZ8NRu+Pi+87opZn5tL4Y0xT0mA4FtHctd0ZgwNoN639fUUGlNIWw==",
      "cpu": [
        "arm64"
      ],
      "optional": true,
      "os": [
        "darwin"
      ],
      "engines": {
        "node": ">=12"
      }
    },
    "node_modules/@esbuild/darwin-x64": {
      "version": "0.19.9",
      "resolved": "https://registry.npmjs.org/@esbuild/darwin-x64/-/darwin-x64-0.19.9.tgz",
      "integrity": "sha512-vE0VotmNTQaTdX0Q9dOHmMTao6ObjyPm58CHZr1UK7qpNleQyxlFlNCaHsHx6Uqv86VgPmR4o2wdNq3dP1qyDQ==",
      "cpu": [
        "x64"
      ],
      "optional": true,
      "os": [
        "darwin"
      ],
      "engines": {
        "node": ">=12"
      }
    },
    "node_modules/@esbuild/freebsd-arm64": {
      "version": "0.19.9",
      "resolved": "https://registry.npmjs.org/@esbuild/freebsd-arm64/-/freebsd-arm64-0.19.9.tgz",
      "integrity": "sha512-uFQyd/o1IjiEk3rUHSwUKkqZwqdvuD8GevWF065eqgYfexcVkxh+IJgwTaGZVu59XczZGcN/YMh9uF1fWD8j1g==",
      "cpu": [
        "arm64"
      ],
      "optional": true,
      "os": [
        "freebsd"
      ],
      "engines": {
        "node": ">=12"
      }
    },
    "node_modules/@esbuild/freebsd-x64": {
      "version": "0.19.9",
      "resolved": "https://registry.npmjs.org/@esbuild/freebsd-x64/-/freebsd-x64-0.19.9.tgz",
      "integrity": "sha512-WMLgWAtkdTbTu1AWacY7uoj/YtHthgqrqhf1OaEWnZb7PQgpt8eaA/F3LkV0E6K/Lc0cUr/uaVP/49iE4M4asA==",
      "cpu": [
        "x64"
      ],
      "optional": true,
      "os": [
        "freebsd"
      ],
      "engines": {
        "node": ">=12"
      }
    },
    "node_modules/@esbuild/linux-arm": {
      "version": "0.19.9",
      "resolved": "https://registry.npmjs.org/@esbuild/linux-arm/-/linux-arm-0.19.9.tgz",
      "integrity": "sha512-C/ChPohUYoyUaqn1h17m/6yt6OB14hbXvT8EgM1ZWaiiTYz7nWZR0SYmMnB5BzQA4GXl3BgBO1l8MYqL/He3qw==",
      "cpu": [
        "arm"
      ],
      "optional": true,
      "os": [
        "linux"
      ],
      "engines": {
        "node": ">=12"
      }
    },
    "node_modules/@esbuild/linux-arm64": {
      "version": "0.19.9",
      "resolved": "https://registry.npmjs.org/@esbuild/linux-arm64/-/linux-arm64-0.19.9.tgz",
      "integrity": "sha512-PiPblfe1BjK7WDAKR1Cr9O7VVPqVNpwFcPWgfn4xu0eMemzRp442hXyzF/fSwgrufI66FpHOEJk0yYdPInsmyQ==",
      "cpu": [
        "arm64"
      ],
      "optional": true,
      "os": [
        "linux"
      ],
      "engines": {
        "node": ">=12"
      }
    },
    "node_modules/@esbuild/linux-ia32": {
      "version": "0.19.9",
      "resolved": "https://registry.npmjs.org/@esbuild/linux-ia32/-/linux-ia32-0.19.9.tgz",
      "integrity": "sha512-f37i/0zE0MjDxijkPSQw1CO/7C27Eojqb+r3BbHVxMLkj8GCa78TrBZzvPyA/FNLUMzP3eyHCVkAopkKVja+6Q==",
      "cpu": [
        "ia32"
      ],
      "optional": true,
      "os": [
        "linux"
      ],
      "engines": {
        "node": ">=12"
      }
    },
    "node_modules/@esbuild/linux-loong64": {
      "version": "0.19.9",
      "resolved": "https://registry.npmjs.org/@esbuild/linux-loong64/-/linux-loong64-0.19.9.tgz",
      "integrity": "sha512-t6mN147pUIf3t6wUt3FeumoOTPfmv9Cc6DQlsVBpB7eCpLOqQDyWBP1ymXn1lDw4fNUSb/gBcKAmvTP49oIkaA==",
      "cpu": [
        "loong64"
      ],
      "optional": true,
      "os": [
        "linux"
      ],
      "engines": {
        "node": ">=12"
      }
    },
    "node_modules/@esbuild/linux-mips64el": {
      "version": "0.19.9",
      "resolved": "https://registry.npmjs.org/@esbuild/linux-mips64el/-/linux-mips64el-0.19.9.tgz",
      "integrity": "sha512-jg9fujJTNTQBuDXdmAg1eeJUL4Jds7BklOTkkH80ZgQIoCTdQrDaHYgbFZyeTq8zbY+axgptncko3v9p5hLZtw==",
      "cpu": [
        "mips64el"
      ],
      "optional": true,
      "os": [
        "linux"
      ],
      "engines": {
        "node": ">=12"
      }
    },
    "node_modules/@esbuild/linux-ppc64": {
      "version": "0.19.9",
      "resolved": "https://registry.npmjs.org/@esbuild/linux-ppc64/-/linux-ppc64-0.19.9.tgz",
      "integrity": "sha512-tkV0xUX0pUUgY4ha7z5BbDS85uI7ABw3V1d0RNTii7E9lbmV8Z37Pup2tsLV46SQWzjOeyDi1Q7Wx2+QM8WaCQ==",
      "cpu": [
        "ppc64"
      ],
      "optional": true,
      "os": [
        "linux"
      ],
      "engines": {
        "node": ">=12"
      }
    },
    "node_modules/@esbuild/linux-riscv64": {
      "version": "0.19.9",
      "resolved": "https://registry.npmjs.org/@esbuild/linux-riscv64/-/linux-riscv64-0.19.9.tgz",
      "integrity": "sha512-DfLp8dj91cufgPZDXr9p3FoR++m3ZJ6uIXsXrIvJdOjXVREtXuQCjfMfvmc3LScAVmLjcfloyVtpn43D56JFHg==",
      "cpu": [
        "riscv64"
      ],
      "optional": true,
      "os": [
        "linux"
      ],
      "engines": {
        "node": ">=12"
      }
    },
    "node_modules/@esbuild/linux-s390x": {
      "version": "0.19.9",
      "resolved": "https://registry.npmjs.org/@esbuild/linux-s390x/-/linux-s390x-0.19.9.tgz",
      "integrity": "sha512-zHbglfEdC88KMgCWpOl/zc6dDYJvWGLiUtmPRsr1OgCViu3z5GncvNVdf+6/56O2Ca8jUU+t1BW261V6kp8qdw==",
      "cpu": [
        "s390x"
      ],
      "optional": true,
      "os": [
        "linux"
      ],
      "engines": {
        "node": ">=12"
      }
    },
    "node_modules/@esbuild/linux-x64": {
      "version": "0.19.9",
      "resolved": "https://registry.npmjs.org/@esbuild/linux-x64/-/linux-x64-0.19.9.tgz",
      "integrity": "sha512-JUjpystGFFmNrEHQnIVG8hKwvA2DN5o7RqiO1CVX8EN/F/gkCjkUMgVn6hzScpwnJtl2mPR6I9XV1oW8k9O+0A==",
      "cpu": [
        "x64"
      ],
      "optional": true,
      "os": [
        "linux"
      ],
      "engines": {
        "node": ">=12"
      }
    },
    "node_modules/@esbuild/netbsd-x64": {
      "version": "0.19.9",
      "resolved": "https://registry.npmjs.org/@esbuild/netbsd-x64/-/netbsd-x64-0.19.9.tgz",
      "integrity": "sha512-GThgZPAwOBOsheA2RUlW5UeroRfESwMq/guy8uEe3wJlAOjpOXuSevLRd70NZ37ZrpO6RHGHgEHvPg1h3S1Jug==",
      "cpu": [
        "x64"
      ],
      "optional": true,
      "os": [
        "netbsd"
      ],
      "engines": {
        "node": ">=12"
      }
    },
    "node_modules/@esbuild/openbsd-x64": {
      "version": "0.19.9",
      "resolved": "https://registry.npmjs.org/@esbuild/openbsd-x64/-/openbsd-x64-0.19.9.tgz",
      "integrity": "sha512-Ki6PlzppaFVbLnD8PtlVQfsYw4S9n3eQl87cqgeIw+O3sRr9IghpfSKY62mggdt1yCSZ8QWvTZ9jo9fjDSg9uw==",
      "cpu": [
        "x64"
      ],
      "optional": true,
      "os": [
        "openbsd"
      ],
      "engines": {
        "node": ">=12"
      }
    },
    "node_modules/@esbuild/sunos-x64": {
      "version": "0.19.9",
      "resolved": "https://registry.npmjs.org/@esbuild/sunos-x64/-/sunos-x64-0.19.9.tgz",
      "integrity": "sha512-MLHj7k9hWh4y1ddkBpvRj2b9NCBhfgBt3VpWbHQnXRedVun/hC7sIyTGDGTfsGuXo4ebik2+3ShjcPbhtFwWDw==",
      "cpu": [
        "x64"
      ],
      "optional": true,
      "os": [
        "sunos"
      ],
      "engines": {
        "node": ">=12"
      }
    },
    "node_modules/@esbuild/win32-arm64": {
      "version": "0.19.9",
      "resolved": "https://registry.npmjs.org/@esbuild/win32-arm64/-/win32-arm64-0.19.9.tgz",
      "integrity": "sha512-GQoa6OrQ8G08guMFgeXPH7yE/8Dt0IfOGWJSfSH4uafwdC7rWwrfE6P9N8AtPGIjUzdo2+7bN8Xo3qC578olhg==",
      "cpu": [
        "arm64"
      ],
      "optional": true,
      "os": [
        "win32"
      ],
      "engines": {
        "node": ">=12"
      }
    },
    "node_modules/@esbuild/win32-ia32": {
      "version": "0.19.9",
      "resolved": "https://registry.npmjs.org/@esbuild/win32-ia32/-/win32-ia32-0.19.9.tgz",
      "integrity": "sha512-UOozV7Ntykvr5tSOlGCrqU3NBr3d8JqPes0QWN2WOXfvkWVGRajC+Ym0/Wj88fUgecUCLDdJPDF0Nna2UK3Qtg==",
      "cpu": [
        "ia32"
      ],
      "optional": true,
      "os": [
        "win32"
      ],
      "engines": {
        "node": ">=12"
      }
    },
    "node_modules/@esbuild/win32-x64": {
      "version": "0.19.9",
      "resolved": "https://registry.npmjs.org/@esbuild/win32-x64/-/win32-x64-0.19.9.tgz",
      "integrity": "sha512-oxoQgglOP7RH6iasDrhY+R/3cHrfwIDvRlT4CGChflq6twk8iENeVvMJjmvBb94Ik1Z+93iGO27err7w6l54GQ==",
      "cpu": [
        "x64"
      ],
      "optional": true,
      "os": [
        "win32"
      ],
      "engines": {
        "node": ">=12"
      }
    },
    "node_modules/argparse": {
      "version": "1.0.10",
      "resolved": "https://registry.npmjs.org/argparse/-/argparse-1.0.10.tgz",
      "integrity": "sha512-o5Roy6tNG4SL/FOkCAN6RzjiakZS25RLYFrcMttJqbdd8BWrnA+fGz57iN5Pb06pvBGvl5gQ0B48dJlslXvoTg==",
      "dependencies": {
        "sprintf-js": "~1.0.2"
      }
    },
    "node_modules/entities": {
      "version": "2.1.0",
      "resolved": "https://registry.npmjs.org/entities/-/entities-2.1.0.tgz",
      "integrity": "sha512-hCx1oky9PFrJ611mf0ifBLBRW8lUUVRlFolb5gWRfIELabBlbp9xZvrqZLZAs+NxFnbfQoeGd8wDkygjg7U85w==",
      "funding": {
        "url": "https://github.com/fb55/entities?sponsor=1"
      }
    },
    "node_modules/esbuild": {
      "version": "0.19.9",
      "resolved": "https://registry.npmjs.org/esbuild/-/esbuild-0.19.9.tgz",
      "integrity": "sha512-U9CHtKSy+EpPsEBa+/A2gMs/h3ylBC0H0KSqIg7tpztHerLi6nrrcoUJAkNCEPumx8yJ+Byic4BVwHgRbN0TBg==",
      "hasInstallScript": true,
      "bin": {
        "esbuild": "bin/esbuild"
      },
      "engines": {
        "node": ">=12"
      },
      "optionalDependencies": {
        "@esbuild/android-arm": "0.19.9",
        "@esbuild/android-arm64": "0.19.9",
        "@esbuild/android-x64": "0.19.9",
        "@esbuild/darwin-arm64": "0.19.9",
        "@esbuild/darwin-x64": "0.19.9",
        "@esbuild/freebsd-arm64": "0.19.9",
        "@esbuild/freebsd-x64": "0.19.9",
        "@esbuild/linux-arm": "0.19.9",
        "@esbuild/linux-arm64": "0.19.9",
        "@esbuild/linux-ia32": "0.19.9",
        "@esbuild/linux-loong64": "0.19.9",
        "@esbuild/linux-mips64el": "0.19.9",
        "@esbuild/linux-ppc64": "0.19.9",
        "@esbuild/linux-riscv64": "0.19.9",
        "@esbuild/linux-s390x": "0.19.9",
        "@esbuild/linux-x64": "0.19.9",
        "@esbuild/netbsd-x64": "0.19.9",
        "@esbuild/openbsd-x64": "0.19.9",
        "@esbuild/sunos-x64": "0.19.9",
        "@esbuild/win32-arm64": "0.19.9",
        "@esbuild/win32-ia32": "0.19.9",
        "@esbuild/win32-x64": "0.19.9"
      }
    },
    "node_modules/esprima": {
      "version": "4.0.1",
      "resolved": "https://registry.npmjs.org/esprima/-/esprima-4.0.1.tgz",
      "integrity": "sha512-eGuFFw7Upda+g4p+QHvnW0RyTX/SVeJBDM/gCtMARO0cLuT2HcEKnTPvhjV6aGeqrCB/sbNop0Kszm0jsaWU4A==",
      "bin": {
        "esparse": "bin/esparse.js",
        "esvalidate": "bin/esvalidate.js"
      },
      "engines": {
        "node": ">=4"
      }
    },
    "node_modules/fast-watch": {
      "version": "1.0.0",
      "resolved": "https://registry.npmjs.org/fast-watch/-/fast-watch-1.0.0.tgz",
      "integrity": "sha1-gZRKwcg7sL9XUpMSKFIG1y4x5cA=",
      "bin": {
        "watch": "watch"
      }
    },
    "node_modules/highlight.js": {
      "version": "10.4.1",
      "resolved": "https://registry.npmjs.org/highlight.js/-/highlight.js-10.4.1.tgz",
      "integrity": "sha512-yR5lWvNz7c85OhVAEAeFhVCc/GV4C30Fjzc/rCP0aCWzc1UUOPUk55dK/qdwTZHBvMZo+eZ2jpk62ndX/xMFlg==",
      "engines": {
        "node": "*"
      }
    },
    "node_modules/js-yaml": {
      "version": "3.14.0",
      "resolved": "https://registry.npmjs.org/js-yaml/-/js-yaml-3.14.0.tgz",
      "integrity": "sha512-/4IbIeHcD9VMHFqDR/gQ7EdZdLimOvW2DdcxFjdyyZ9NsbS+ccrXqVWDtab/lRl5AlUqmpBx8EhPaWR+OtY17A==",
      "dependencies": {
        "argparse": "^1.0.7",
        "esprima": "^4.0.0"
      },
      "bin": {
        "js-yaml": "bin/js-yaml.js"
      }
    },
    "node_modules/linkify-it": {
      "version": "3.0.2",
      "resolved": "https://registry.npmjs.org/linkify-it/-/linkify-it-3.0.2.tgz",
      "integrity": "sha512-gDBO4aHNZS6coiZCKVhSNh43F9ioIL4JwRjLZPkoLIY4yZFwg264Y5lu2x6rb1Js42Gh6Yqm2f6L2AJcnkzinQ==",
      "dependencies": {
        "uc.micro": "^1.0.1"
      }
    },
    "node_modules/markdown-it": {
      "version": "12.3.2",
      "resolved": "https://registry.npmjs.org/markdown-it/-/markdown-it-12.3.2.tgz",
      "integrity": "sha512-TchMembfxfNVpHkbtriWltGWc+m3xszaRD0CZup7GFFhzIgQqxIfn3eGj1yZpfuflzPvfkt611B2Q/Bsk1YnGg==",
      "dependencies": {
        "argparse": "^2.0.1",
        "entities": "~2.1.0",
        "linkify-it": "^3.0.1",
        "mdurl": "^1.0.1",
        "uc.micro": "^1.0.5"
      },
      "bin": {
        "markdown-it": "bin/markdown-it.js"
      }
    },
    "node_modules/markdown-it/node_modules/argparse": {
      "version": "2.0.1",
      "resolved": "https://registry.npmjs.org/argparse/-/argparse-2.0.1.tgz",
      "integrity": "sha512-8+9WqebbFzpX9OR+Wa6O29asIogeRMzcGtAINdpMHHyAg10f05aSFVBbcEqGf/PXw1EjAZ+q2/bEBg3DvurK3Q=="
    },
    "node_modules/mdurl": {
      "version": "1.0.1",
      "resolved": "https://registry.npmjs.org/mdurl/-/mdurl-1.0.1.tgz",
      "integrity": "sha1-/oWy7HWlkDfyrf7BAP1sYBdhFS4="
    },
    "node_modules/polywasm": {
      "version": "0.1.1",
      "resolved": "https://registry.npmjs.org/polywasm/-/polywasm-0.1.1.tgz",
      "integrity": "sha512-FgoNYtR5dOql2FGjeA7vQ4LF2a7TlZrmELKqxVKfnpoPUWHEsZtfkgDO/sCaOEE2ShEPWW/0VfxvZM0s30/M2g=="
    },
    "node_modules/sprintf-js": {
      "version": "1.0.3",
      "resolved": "https://registry.npmjs.org/sprintf-js/-/sprintf-js-1.0.3.tgz",
      "integrity": "sha1-BOaSb2YolTVPPdAVIDYzuFcpfiw="
    },
    "node_modules/uc.micro": {
      "version": "1.0.6",
      "resolved": "https://registry.npmjs.org/uc.micro/-/uc.micro-1.0.6.tgz",
      "integrity": "sha512-8Y75pvTYkLJW2hWQHXxoqRgV7qb9B+9vFEtidML+7koHUFapnVJAZ6cKs+Qjz5Aw3aZWHMC6u0wJE3At+nSGwA=="
    }
  },
  "dependencies": {
    "@esbuild/android-arm": {
      "version": "0.19.9",
      "resolved": "https://registry.npmjs.org/@esbuild/android-arm/-/android-arm-0.19.9.tgz",
      "integrity": "sha512-jkYjjq7SdsWuNI6b5quymW0oC83NN5FdRPuCbs9HZ02mfVdAP8B8eeqLSYU3gb6OJEaY5CQabtTFbqBf26H3GA==",
      "optional": true
    },
    "@esbuild/android-arm64": {
      "version": "0.19.9",
      "resolved": "https://registry.npmjs.org/@esbuild/android-arm64/-/android-arm64-0.19.9.tgz",
      "integrity": "sha512-q4cR+6ZD0938R19MyEW3jEsMzbb/1rulLXiNAJQADD/XYp7pT+rOS5JGxvpRW8dFDEfjW4wLgC/3FXIw4zYglQ==",
      "optional": true
    },
    "@esbuild/android-x64": {
      "version": "0.19.9",
      "resolved": "https://registry.npmjs.org/@esbuild/android-x64/-/android-x64-0.19.9.tgz",
      "integrity": "sha512-KOqoPntWAH6ZxDwx1D6mRntIgZh9KodzgNOy5Ebt9ghzffOk9X2c1sPwtM9P+0eXbefnDhqYfkh5PLP5ULtWFA==",
      "optional": true
    },
    "@esbuild/darwin-arm64": {
      "version": "0.19.9",
      "resolved": "https://registry.npmjs.org/@esbuild/darwin-arm64/-/darwin-arm64-0.19.9.tgz",
      "integrity": "sha512-KBJ9S0AFyLVx2E5D8W0vExqRW01WqRtczUZ8NRu+Pi+87opZn5tL4Y0xT0mA4FtHctd0ZgwNoN639fUUGlNIWw==",
      "optional": true
    },
    "@esbuild/darwin-x64": {
      "version": "0.19.9",
      "resolved": "https://registry.npmjs.org/@esbuild/darwin-x64/-/darwin-x64-0.19.9.tgz",
      "integrity": "sha512-vE0VotmNTQaTdX0Q9dOHmMTao6ObjyPm58CHZr1UK7qpNleQyxlFlNCaHsHx6Uqv86VgPmR4o2wdNq3dP1qyDQ==",
      "optional": true
    },
    "@esbuild/freebsd-arm64": {
      "version": "0.19.9",
      "resolved": "https://registry.npmjs.org/@esbuild/freebsd-arm64/-/freebsd-arm64-0.19.9.tgz",
      "integrity": "sha512-uFQyd/o1IjiEk3rUHSwUKkqZwqdvuD8GevWF065eqgYfexcVkxh+IJgwTaGZVu59XczZGcN/YMh9uF1fWD8j1g==",
      "optional": true
    },
    "@esbuild/freebsd-x64": {
      "version": "0.19.9",
      "resolved": "https://registry.npmjs.org/@esbuild/freebsd-x64/-/freebsd-x64-0.19.9.tgz",
      "integrity": "sha512-WMLgWAtkdTbTu1AWacY7uoj/YtHthgqrqhf1OaEWnZb7PQgpt8eaA/F3LkV0E6K/Lc0cUr/uaVP/49iE4M4asA==",
      "optional": true
    },
    "@esbuild/linux-arm": {
      "version": "0.19.9",
      "resolved": "https://registry.npmjs.org/@esbuild/linux-arm/-/linux-arm-0.19.9.tgz",
      "integrity": "sha512-C/ChPohUYoyUaqn1h17m/6yt6OB14hbXvT8EgM1ZWaiiTYz7nWZR0SYmMnB5BzQA4GXl3BgBO1l8MYqL/He3qw==",
      "optional": true
    },
    "@esbuild/linux-arm64": {
      "version": "0.19.9",
      "resolved": "https://registry.npmjs.org/@esbuild/linux-arm64/-/linux-arm64-0.19.9.tgz",
      "integrity": "sha512-PiPblfe1BjK7WDAKR1Cr9O7VVPqVNpwFcPWgfn4xu0eMemzRp442hXyzF/fSwgrufI66FpHOEJk0yYdPInsmyQ==",
      "optional": true
    },
    "@esbuild/linux-ia32": {
      "version": "0.19.9",
      "resolved": "https://registry.npmjs.org/@esbuild/linux-ia32/-/linux-ia32-0.19.9.tgz",
      "integrity": "sha512-f37i/0zE0MjDxijkPSQw1CO/7C27Eojqb+r3BbHVxMLkj8GCa78TrBZzvPyA/FNLUMzP3eyHCVkAopkKVja+6Q==",
      "optional": true
    },
    "@esbuild/linux-loong64": {
      "version": "0.19.9",
      "resolved": "https://registry.npmjs.org/@esbuild/linux-loong64/-/linux-loong64-0.19.9.tgz",
      "integrity": "sha512-t6mN147pUIf3t6wUt3FeumoOTPfmv9Cc6DQlsVBpB7eCpLOqQDyWBP1ymXn1lDw4fNUSb/gBcKAmvTP49oIkaA==",
      "optional": true
    },
    "@esbuild/linux-mips64el": {
      "version": "0.19.9",
      "resolved": "https://registry.npmjs.org/@esbuild/linux-mips64el/-/linux-mips64el-0.19.9.tgz",
      "integrity": "sha512-jg9fujJTNTQBuDXdmAg1eeJUL4Jds7BklOTkkH80ZgQIoCTdQrDaHYgbFZyeTq8zbY+axgptncko3v9p5hLZtw==",
      "optional": true
    },
    "@esbuild/linux-ppc64": {
      "version": "0.19.9",
      "resolved": "https://registry.npmjs.org/@esbuild/linux-ppc64/-/linux-ppc64-0.19.9.tgz",
      "integrity": "sha512-tkV0xUX0pUUgY4ha7z5BbDS85uI7ABw3V1d0RNTii7E9lbmV8Z37Pup2tsLV46SQWzjOeyDi1Q7Wx2+QM8WaCQ==",
      "optional": true
    },
    "@esbuild/linux-riscv64": {
      "version": "0.19.9",
      "resolved": "https://registry.npmjs.org/@esbuild/linux-riscv64/-/linux-riscv64-0.19.9.tgz",
      "integrity": "sha512-DfLp8dj91cufgPZDXr9p3FoR++m3ZJ6uIXsXrIvJdOjXVREtXuQCjfMfvmc3LScAVmLjcfloyVtpn43D56JFHg==",
      "optional": true
    },
    "@esbuild/linux-s390x": {
      "version": "0.19.9",
      "resolved": "https://registry.npmjs.org/@esbuild/linux-s390x/-/linux-s390x-0.19.9.tgz",
      "integrity": "sha512-zHbglfEdC88KMgCWpOl/zc6dDYJvWGLiUtmPRsr1OgCViu3z5GncvNVdf+6/56O2Ca8jUU+t1BW261V6kp8qdw==",
      "optional": true
    },
    "@esbuild/linux-x64": {
      "version": "0.19.9",
      "resolved": "https://registry.npmjs.org/@esbuild/linux-x64/-/linux-x64-0.19.9.tgz",
      "integrity": "sha512-JUjpystGFFmNrEHQnIVG8hKwvA2DN5o7RqiO1CVX8EN/F/gkCjkUMgVn6hzScpwnJtl2mPR6I9XV1oW8k9O+0A==",
      "optional": true
    },
    "@esbuild/netbsd-x64": {
      "version": "0.19.9",
      "resolved": "https://registry.npmjs.org/@esbuild/netbsd-x64/-/netbsd-x64-0.19.9.tgz",
      "integrity": "sha512-GThgZPAwOBOsheA2RUlW5UeroRfESwMq/guy8uEe3wJlAOjpOXuSevLRd70NZ37ZrpO6RHGHgEHvPg1h3S1Jug==",
      "optional": true
    },
    "@esbuild/openbsd-x64": {
      "version": "0.19.9",
      "resolved": "https://registry.npmjs.org/@esbuild/openbsd-x64/-/openbsd-x64-0.19.9.tgz",
      "integrity": "sha512-Ki6PlzppaFVbLnD8PtlVQfsYw4S9n3eQl87cqgeIw+O3sRr9IghpfSKY62mggdt1yCSZ8QWvTZ9jo9fjDSg9uw==",
      "optional": true
    },
    "@esbuild/sunos-x64": {
      "version": "0.19.9",
      "resolved": "https://registry.npmjs.org/@esbuild/sunos-x64/-/sunos-x64-0.19.9.tgz",
      "integrity": "sha512-MLHj7k9hWh4y1ddkBpvRj2b9NCBhfgBt3VpWbHQnXRedVun/hC7sIyTGDGTfsGuXo4ebik2+3ShjcPbhtFwWDw==",
      "optional": true
    },
    "@esbuild/win32-arm64": {
      "version": "0.19.9",
      "resolved": "https://registry.npmjs.org/@esbuild/win32-arm64/-/win32-arm64-0.19.9.tgz",
      "integrity": "sha512-GQoa6OrQ8G08guMFgeXPH7yE/8Dt0IfOGWJSfSH4uafwdC7rWwrfE6P9N8AtPGIjUzdo2+7bN8Xo3qC578olhg==",
      "optional": true
    },
    "@esbuild/win32-ia32": {
      "version": "0.19.9",
      "resolved": "https://registry.npmjs.org/@esbuild/win32-ia32/-/win32-ia32-0.19.9.tgz",
      "integrity": "sha512-UOozV7Ntykvr5tSOlGCrqU3NBr3d8JqPes0QWN2WOXfvkWVGRajC+Ym0/Wj88fUgecUCLDdJPDF0Nna2UK3Qtg==",
      "optional": true
    },
    "@esbuild/win32-x64": {
      "version": "0.19.9",
      "resolved": "https://registry.npmjs.org/@esbuild/win32-x64/-/win32-x64-0.19.9.tgz",
      "integrity": "sha512-oxoQgglOP7RH6iasDrhY+R/3cHrfwIDvRlT4CGChflq6twk8iENeVvMJjmvBb94Ik1Z+93iGO27err7w6l54GQ==",
      "optional": true
    },
    "argparse": {
      "version": "1.0.10",
      "resolved": "https://registry.npmjs.org/argparse/-/argparse-1.0.10.tgz",
      "integrity": "sha512-o5Roy6tNG4SL/FOkCAN6RzjiakZS25RLYFrcMttJqbdd8BWrnA+fGz57iN5Pb06pvBGvl5gQ0B48dJlslXvoTg==",
      "requires": {
        "sprintf-js": "~1.0.2"
      }
    },
    "entities": {
      "version": "2.1.0",
      "resolved": "https://registry.npmjs.org/entities/-/entities-2.1.0.tgz",
      "integrity": "sha512-hCx1oky9PFrJ611mf0ifBLBRW8lUUVRlFolb5gWRfIELabBlbp9xZvrqZLZAs+NxFnbfQoeGd8wDkygjg7U85w=="
    },
    "esbuild": {
      "version": "0.19.9",
      "resolved": "https://registry.npmjs.org/esbuild/-/esbuild-0.19.9.tgz",
      "integrity": "sha512-U9CHtKSy+EpPsEBa+/A2gMs/h3ylBC0H0KSqIg7tpztHerLi6nrrcoUJAkNCEPumx8yJ+Byic4BVwHgRbN0TBg==",
      "requires": {
        "@esbuild/android-arm": "0.19.9",
        "@esbuild/android-arm64": "0.19.9",
        "@esbuild/android-x64": "0.19.9",
        "@esbuild/darwin-arm64": "0.19.9",
        "@esbuild/darwin-x64": "0.19.9",
        "@esbuild/freebsd-arm64": "0.19.9",
        "@esbuild/freebsd-x64": "0.19.9",
        "@esbuild/linux-arm": "0.19.9",
        "@esbuild/linux-arm64": "0.19.9",
        "@esbuild/linux-ia32": "0.19.9",
        "@esbuild/linux-loong64": "0.19.9",
        "@esbuild/linux-mips64el": "0.19.9",
        "@esbuild/linux-ppc64": "0.19.9",
        "@esbuild/linux-riscv64": "0.19.9",
        "@esbuild/linux-s390x": "0.19.9",
        "@esbuild/linux-x64": "0.19.9",
        "@esbuild/netbsd-x64": "0.19.9",
        "@esbuild/openbsd-x64": "0.19.9",
        "@esbuild/sunos-x64": "0.19.9",
        "@esbuild/win32-arm64": "0.19.9",
        "@esbuild/win32-ia32": "0.19.9",
        "@esbuild/win32-x64": "0.19.9"
      }
    },
    "esprima": {
      "version": "4.0.1",
      "resolved": "https://registry.npmjs.org/esprima/-/esprima-4.0.1.tgz",
      "integrity": "sha512-eGuFFw7Upda+g4p+QHvnW0RyTX/SVeJBDM/gCtMARO0cLuT2HcEKnTPvhjV6aGeqrCB/sbNop0Kszm0jsaWU4A=="
    },
    "fast-watch": {
      "version": "1.0.0",
      "resolved": "https://registry.npmjs.org/fast-watch/-/fast-watch-1.0.0.tgz",
      "integrity": "sha1-gZRKwcg7sL9XUpMSKFIG1y4x5cA="
    },
    "highlight.js": {
      "version": "10.4.1",
      "resolved": "https://registry.npmjs.org/highlight.js/-/highlight.js-10.4.1.tgz",
      "integrity": "sha512-yR5lWvNz7c85OhVAEAeFhVCc/GV4C30Fjzc/rCP0aCWzc1UUOPUk55dK/qdwTZHBvMZo+eZ2jpk62ndX/xMFlg=="
    },
    "js-yaml": {
      "version": "3.14.0",
      "resolved": "https://registry.npmjs.org/js-yaml/-/js-yaml-3.14.0.tgz",
      "integrity": "sha512-/4IbIeHcD9VMHFqDR/gQ7EdZdLimOvW2DdcxFjdyyZ9NsbS+ccrXqVWDtab/lRl5AlUqmpBx8EhPaWR+OtY17A==",
      "requires": {
        "argparse": "^1.0.7",
        "esprima": "^4.0.0"
      }
    },
    "linkify-it": {
      "version": "3.0.2",
      "resolved": "https://registry.npmjs.org/linkify-it/-/linkify-it-3.0.2.tgz",
      "integrity": "sha512-gDBO4aHNZS6coiZCKVhSNh43F9ioIL4JwRjLZPkoLIY4yZFwg264Y5lu2x6rb1Js42Gh6Yqm2f6L2AJcnkzinQ==",
      "requires": {
        "uc.micro": "^1.0.1"
      }
    },
    "markdown-it": {
      "version": "12.3.2",
      "resolved": "https://registry.npmjs.org/markdown-it/-/markdown-it-12.3.2.tgz",
      "integrity": "sha512-TchMembfxfNVpHkbtriWltGWc+m3xszaRD0CZup7GFFhzIgQqxIfn3eGj1yZpfuflzPvfkt611B2Q/Bsk1YnGg==",
      "requires": {
        "argparse": "^2.0.1",
        "entities": "~2.1.0",
        "linkify-it": "^3.0.1",
        "mdurl": "^1.0.1",
        "uc.micro": "^1.0.5"
      },
      "dependencies": {
        "argparse": {
          "version": "2.0.1",
          "resolved": "https://registry.npmjs.org/argparse/-/argparse-2.0.1.tgz",
          "integrity": "sha512-8+9WqebbFzpX9OR+Wa6O29asIogeRMzcGtAINdpMHHyAg10f05aSFVBbcEqGf/PXw1EjAZ+q2/bEBg3DvurK3Q=="
        }
      }
    },
    "mdurl": {
      "version": "1.0.1",
      "resolved": "https://registry.npmjs.org/mdurl/-/mdurl-1.0.1.tgz",
      "integrity": "sha1-/oWy7HWlkDfyrf7BAP1sYBdhFS4="
    },
    "polywasm": {
      "version": "0.1.1",
      "resolved": "https://registry.npmjs.org/polywasm/-/polywasm-0.1.1.tgz",
      "integrity": "sha512-FgoNYtR5dOql2FGjeA7vQ4LF2a7TlZrmELKqxVKfnpoPUWHEsZtfkgDO/sCaOEE2ShEPWW/0VfxvZM0s30/M2g=="
    },
    "sprintf-js": {
      "version": "1.0.3",
      "resolved": "https://registry.npmjs.org/sprintf-js/-/sprintf-js-1.0.3.tgz",
      "integrity": "sha1-BOaSb2YolTVPPdAVIDYzuFcpfiw="
    },
    "uc.micro": {
      "version": "1.0.6",
      "resolved": "https://registry.npmjs.org/uc.micro/-/uc.micro-1.0.6.tgz",
      "integrity": "sha512-8Y75pvTYkLJW2hWQHXxoqRgV7qb9B+9vFEtidML+7koHUFapnVJAZ6cKs+Qjz5Aw3aZWHMC6u0wJE3At+nSGwA=="
    }
  }
}
